{
  "name": "zhu-jiahua-research-data",
  "lockfileVersion": 3,
  "requires": true,
  "packages": {
    "": {
      "name": "zhu-jiahua-research-data",
      "dependencies": {
        "@phenomcanvas/prose-rules": "file:../phenom-standards"
      }
    },
    "../phenom-standards": {
      "name": "@phenomcanvas/prose-rules",
      "version": "0.1.0",
      "engines": {
        "node": ">=22 <23"
      }
    },
    "node_modules/@phenomcanvas/prose-rules": {
      "resolved": "../phenom-standards",
      "link": true
    }
  }
}
